
Microsoft Visual Studio Solution File, Format Version 12.00
# Visual Studio Version 17
VisualStudioVersion = 17.8.34511.84
MinimumVisualStudioVersion = 10.0.40219.1
Project("{FAE04EC0-301F-11D3-BF4B-00C04F79EFBC}") = "VoTrungDuong_2180604816", "VoTrungDuong_2180604816\VoTrungDuong_2180604816.csproj", "{E0A585B6-7D4C-4AB7-8D34-474A7A8DBDCF}"
EndProject
Global
	GlobalSection(SolutionConfigurationPlatforms) = preSolution
		Debug|Any CPU = Debug|Any CPU
		Release|Any CPU = Release|Any CPU
	EndGlobalSection
	GlobalSection(ProjectConfigurationPlatforms) = postSolution
		{E0A585B6-7D4C-4AB7-8D34-474A7A8DBDCF}.Debug|Any CPU.ActiveCfg = Debug|Any CPU
		{E0A585B6-7D4C-4AB7-8D34-474A7A8DBDCF}.Debug|Any CPU.Build.0 = Debug|Any CPU
		{E0A585B6-7D4C-4AB7-8D34-474A7A8DBDCF}.Release|Any CPU.ActiveCfg = Release|Any CPU
		{E0A585B6-7D4C-4AB7-8D34-474A7A8DBDCF}.Release|Any CPU.Build.0 = Release|Any CPU
	EndGlobalSection
	GlobalSection(SolutionProperties) = preSolution
		HideSolutionNode = FALSE
	EndGlobalSection
	GlobalSection(ExtensibilityGlobals) = postSolution
		SolutionGuid = {2F8F9515-4F77-4D71-A623-2E2CDE448441}
	EndGlobalSection
EndGlobal
